lockfileVersion: '9.0'

settings:
  autoInstallPeers: true
  excludeLinksFromLockfile: false

importers:

  .:
    dependencies:
      '@wcferry/core':
        specifier: ^0.1.6
        version: 0.1.6
      '@wcferry/ws':
        specifier: ^0.0.1
        version: 0.0.1(@wcferry/core@0.1.6)
      dayjs:
        specifier: ^1.11.11
        version: 1.11.11

packages:

  '@rustup/nng-darwin-arm64@0.1.2':
    resolution: {integrity: sha512-l12FqjYgdgLsdUj9ckBJCEIJyfB57bSk1Y8fhLQvy9ThYm2Ptn8Rg7bEB6lxpLPFiYwjMZ9qJewaaTzHmF+eqQ==}
    engines: {node: '>= 10'}
    cpu: [arm64]
    os: [darwin]

  '@rustup/nng-darwin-universal@0.1.2':
    resolution: {integrity: sha512-hWPGZymav3ST8aLX62+VNGEtWxBRrQDVrwjVaqBWd4CmlqztRpsBId2P73ZsQ+ncQQGf1n0SNuJqSHKVMDuccQ==}
    engines: {node: '>= 10'}
    os: [darwin]

  '@rustup/nng-darwin-x64@0.1.2':
    resolution: {integrity: sha512-RvchyP+Ux6OS9NNM38QRaGbcYTH3n9jLwq5w43nR8Uc6uk4eG/5iDA3XRPyhP2DMt18J2Q1ioW/QNglyiUiyXQ==}
    engines: {node: '>= 10'}
    cpu: [x64]
    os: [darwin]

  '@rustup/nng-linux-x64-gnu@0.1.2':
    resolution: {integrity: sha512-HMMYOqhMKj9/Sc0x7E7MRLBvXCq3mAQtj//a1qoqtUaoHXZcUb3WI+D2CS5wBc4a8tPjUZ/m1A9nREiMlQw/zQ==}
    engines: {node: '>= 10'}
    cpu: [x64]
    os: [linux]
    libc: [glibc]

  '@rustup/nng-win32-x64-msvc@0.1.2':
    resolution: {integrity: sha512-w8AwLM1IOaCX5vgPwkApHJPWSc5rGVFd+gLqRPyYr2S4dkZ9OshgMnuS3jvBH4QtXXv7GBQIFzvTe15d0xgWeA==}
    engines: {node: '>= 10'}
    cpu: [x64]
    os: [win32]

  '@rustup/nng@0.1.2':
    resolution: {integrity: sha512-cEt3r3r2JJic0G6QIM8qP9UbdYlhAiB36ZIArMzWvdH7wjDqFyi+d+JUas1FMa8eYUtHXZq0J9SbxtCvgGj/kQ==}
    engines: {node: '>= 10'}

  '@swc/helpers@0.5.11':
    resolution: {integrity: sha512-YNlnKRWF2sVojTpIyzwou9XoTNbzbzONwRhOoniEioF1AtaitTvVZblaQRrAzChWQ1bLYyYSWzM18y4WwgzJ+A==}

  '@wcferry/core@0.1.6':
    resolution: {integrity: sha512-v2okbcwKi5vvWfSeiHSXJwU5PpRwZqvNy7KXIFZKRdZ4TwFu3Y9iMwS9A6/zq4uQBi0yN4/bFDf55OOqTn9AFg==}

  '@wcferry/ws@0.0.1':
    resolution: {integrity: sha512-5mJVqPNntX0LxzLm0hUoH5TmpqVuPUhTvv1xUQJU3YrYIkspiwFkG2PY38L/h0TlO1C2lsfJEb7sZ4Jx6mBXlw==}
    hasBin: true
    peerDependencies:
      '@wcferry/core': 0.1.5

  commander@11.1.0:
    resolution: {integrity: sha512-yPVavfyCcRhmorC7rWlkHn15b4wDVgVmBA7kV4QVBsF7kv/9TKJAbAXVTxvTnwP8HHKjRCJDClKbciiYS7p0DQ==}
    engines: {node: '>=16'}

  dayjs@1.11.11:
    resolution: {integrity: sha512-okzr3f11N6WuqYtZSvm+F776mB41wRZMhKP+hc34YdW+KmtYYK9iqvHSwo2k9FEH3fhGXvOPV6yz2IcSrfRUDg==}

  debug@4.3.5:
    resolution: {integrity: sha512-pt0bNEmneDIvdL1Xsd9oDQ/wrQRkXDT4AUWlNZNPKvW5x/jyO9VFXkJUP07vQ2upmw5PlaITaPKc31jK13V+jg==}
    engines: {node: '>=6.0'}
    peerDependencies:
      supports-color: '*'
    peerDependenciesMeta:
      supports-color:
        optional: true

  google-protobuf@3.21.2:
    resolution: {integrity: sha512-3MSOYFO5U9mPGikIYCzK0SaThypfGgS6bHqrUGXG3DPHCrb+txNqeEcns1W0lkGfk0rCyNXm7xB9rMxnCiZOoA==}

  mime@3.0.0:
    resolution: {integrity: sha512-jSCU7/VB1loIWBZe14aEYHU/+1UMEHoaO7qxCOVJOw9GgH72VAWppxNcjU+x9a2k3GSIBXNKxXQFqRvvZ7vr3A==}
    engines: {node: '>=10.0.0'}
    hasBin: true

  ms@2.1.2:
    resolution: {integrity: sha512-sGkPx+VjMtmA6MX27oA4FBFELFCZZ4S4XqeGOXCv68tT+jb3vk/RyaKWP0PTKyWtmLSM0b+adUTEvbs1PEaH2w==}

  tslib@2.6.3:
    resolution: {integrity: sha512-xNvxJEOUiWPGhUuUdQgAJPKOOJfGnIyKySOc09XkKsgdUV/3E2zvwZYdejjmRgPCgcym1juLH3226yA7sEFJKQ==}

  typescript@5.4.5:
    resolution: {integrity: sha512-vcI4UpRgg81oIRUFwR0WSIHKt11nJ7SAVlYNIu+QpqeyXP+gpQJy/Z4+F0aGxSE4MqwjyXvW/TzgkLAx2AGHwQ==}
    engines: {node: '>=14.17'}
    hasBin: true

  ws@8.17.0:
    resolution: {integrity: sha512-uJq6108EgZMAl20KagGkzCKfMEjxmKvZHG7Tlq0Z6nOky7YF7aq4mOx6xK8TJ/i1LeK4Qus7INktacctDgY8Ow==}
    engines: {node: '>=10.0.0'}
    peerDependencies:
      bufferutil: ^4.0.1
      utf-8-validate: '>=5.0.2'
    peerDependenciesMeta:
      bufferutil:
        optional: true
      utf-8-validate:
        optional: true

snapshots:

  '@rustup/nng-darwin-arm64@0.1.2':
    optional: true

  '@rustup/nng-darwin-universal@0.1.2':
    optional: true

  '@rustup/nng-darwin-x64@0.1.2':
    optional: true

  '@rustup/nng-linux-x64-gnu@0.1.2':
    optional: true

  '@rustup/nng-win32-x64-msvc@0.1.2':
    optional: true

  '@rustup/nng@0.1.2':
    dependencies:
      typescript: 5.4.5
    optionalDependencies:
      '@rustup/nng-darwin-arm64': 0.1.2
      '@rustup/nng-darwin-universal': 0.1.2
      '@rustup/nng-darwin-x64': 0.1.2
      '@rustup/nng-linux-x64-gnu': 0.1.2
      '@rustup/nng-win32-x64-msvc': 0.1.2

  '@swc/helpers@0.5.11':
    dependencies:
      tslib: 2.6.3

  '@wcferry/core@0.1.6':
    dependencies:
      '@rustup/nng': 0.1.2
      '@swc/helpers': 0.5.11
      debug: 4.3.5
      google-protobuf: 3.21.2
      mime: 3.0.0
    transitivePeerDependencies:
      - supports-color

  '@wcferry/ws@0.0.1(@wcferry/core@0.1.6)':
    dependencies:
      '@swc/helpers': 0.5.11
      '@wcferry/core': 0.1.6
      commander: 11.1.0
      debug: 4.3.5
      ws: 8.17.0
    transitivePeerDependencies:
      - bufferutil
      - supports-color
      - utf-8-validate

  commander@11.1.0: {}

  dayjs@1.11.11: {}

  debug@4.3.5:
    dependencies:
      ms: 2.1.2

  google-protobuf@3.21.2: {}

  mime@3.0.0: {}

  ms@2.1.2: {}

  tslib@2.6.3: {}

  typescript@5.4.5: {}

  ws@8.17.0: {}
