lockfileVersion: '6.0'

settings:
  autoInstallPeers: true
  excludeLinksFromLockfile: false

dependencies:
  node-json-db:
    specifier: ^2.3.0
    version: 2.3.0

packages:

  /node-json-db@2.3.0:
    resolution: {integrity: sha512-B8T+w4q6zXZ20YcfQINLSjMGgImRKzkvR0ShYYoNRdLxtMhVvbzaMBzNdEaRcCjilW/lKS+g9CwVXNoK5uTncw==, tarball: https://registry.npmmirror.com/node-json-db/-/node-json-db-2.3.0.tgz}
    dependencies:
      rwlock: 5.0.0
    dev: false

  /rwlock@5.0.0:
    resolution: {integrity: sha512-XgzRqLMfCcm9QfZuPav9cV3Xin5TRcIlp4X/SH3CvB+x5D2AakdlEepfJKDd8ByncvfpcxNWdRZVUl38PS6ZJg==, tarball: https://registry.npmmirror.com/rwlock/-/rwlock-5.0.0.tgz}
    dev: false
