lockfileVersion: '9.0'

settings:
  autoInstallPeers: true
  excludeLinksFromLockfile: false

importers:

  .:
    dependencies:
      node-xlsx:
        specifier: ^0.24.0
        version: 0.24.0

packages:

  node-xlsx@0.24.0:
    resolution: {integrity: sha512-1olwK48XK9nXZsyH/FCltvGrQYvXXZuxVitxXXv2GIuRm51aBi1+5KwR4rWM4KeO61sFU+00913WLZTD+AcXEg==}
    engines: {node: '>=10.0.0'}
    hasBin: true

  xlsx@https://cdn.sheetjs.com/xlsx-0.20.2/xlsx-0.20.2.tgz:
    resolution: {tarball: https://cdn.sheetjs.com/xlsx-0.20.2/xlsx-0.20.2.tgz}
    version: 0.20.2
    engines: {node: '>=0.8'}
    hasBin: true

snapshots:

  node-xlsx@0.24.0:
    dependencies:
      xlsx: https://cdn.sheetjs.com/xlsx-0.20.2/xlsx-0.20.2.tgz

  xlsx@https://cdn.sheetjs.com/xlsx-0.20.2/xlsx-0.20.2.tgz: {}
