lockfileVersion: '9.0'

settings:
  autoInstallPeers: true
  excludeLinksFromLockfile: false

importers:

  .:
    dependencies:
      zod:
        specifier: ^3.23.8
        version: 3.23.8
      zod-to-json-schema:
        specifier: ^3.23.1
        version: 3.23.1(zod@3.23.8)

packages:

  zod-to-json-schema@3.23.1:
    resolution: {integrity: sha512-oT9INvydob1XV0v1d2IadrR74rLtDInLvDFfAa1CG0Pmg/vxATk7I2gSelfj271mbzeM4Da0uuDQE/Nkj3DWNw==}
    peerDependencies:
      zod: ^3.23.3

  zod@3.23.8:
    resolution: {integrity: sha512-XBx9AXhXktjUqnepgTiE5flcKIYWi/rme0Eaj+5Y0lftuGBq+jyRu/md4WnuxqgP1ubdpNCsYEYPxrzVHD8d6g==}

snapshots:

  zod-to-json-schema@3.23.1(zod@3.23.8):
    dependencies:
      zod: 3.23.8

  zod@3.23.8: {}
