lockfileVersion: '6.0'

settings:
  autoInstallPeers: true
  excludeLinksFromLockfile: false

dependencies:
  dayjs:
    specifier: ^1.11.10
    version: 1.11.10
  node-xlsx:
    specifier: ^0.23.0
    version: 0.23.0

packages:

  /dayjs@1.11.10:
    resolution: {integrity: sha512-vjAczensTgRcqDERK0SR2XMwsF/tSvnvlv6VcF2GIhg6Sx4yOIt/irsr1RDJsKiIyBzJDpCoXiWWq28MqH2cnQ==, tarball: https://registry.npmmirror.com/dayjs/-/dayjs-1.11.10.tgz}
    dev: false

  /node-xlsx@0.23.0:
    resolution: {integrity: sha512-r3KaSZSsSrK92rbPXnX/vDdxURmPPik0rjJ3A+Pybzpjyrk4G6WyGfj8JIz5dMMEpCmWVpmO4qoVPBxnpLv/8Q==}
    engines: {node: '>=10.0.0'}
    hasBin: true
    dependencies:
      xlsx: '@cdn.sheetjs.com/xlsx-0.19.3/xlsx-0.19.3.tgz'
    dev: false

  '@cdn.sheetjs.com/xlsx-0.19.3/xlsx-0.19.3.tgz':
    resolution: {tarball: https://cdn.sheetjs.com/xlsx-0.19.3/xlsx-0.19.3.tgz}
    name: xlsx
    version: 0.19.3
    engines: {node: '>=0.8'}
    hasBin: true
    dev: false
